
Microsoft Visual Studio Solution File, Format Version 12.00
# Visual Studio Version 17
VisualStudioVersion = 17.6.33829.357
MinimumVisualStudioVersion = 10.0.40219.1
Project("{FAE04EC0-301F-11D3-BF4B-00C04F79EFBC}") = "MvcDesign", "MvcDesign\MvcDesign.csproj", "{F540519C-16EC-433B-B8F2-2D41BC4CCD6C}"
EndProject
Global
	GlobalSection(SolutionConfigurationPlatforms) = preSolution
		Debug|Any CPU = Debug|Any CPU
		Release|Any CPU = Release|Any CPU
	EndGlobalSection
	GlobalSection(ProjectConfigurationPlatforms) = postSolution
		{F540519C-16EC-433B-B8F2-2D41BC4CCD6C}.Debug|Any CPU.ActiveCfg = Debug|Any CPU
		{F540519C-16EC-433B-B8F2-2D41BC4CCD6C}.Debug|Any CPU.Build.0 = Debug|Any CPU
		{F540519C-16EC-433B-B8F2-2D41BC4CCD6C}.Release|Any CPU.ActiveCfg = Release|Any CPU
		{F540519C-16EC-433B-B8F2-2D41BC4CCD6C}.Release|Any CPU.Build.0 = Release|Any CPU
	EndGlobalSection
	GlobalSection(SolutionProperties) = preSolution
		HideSolutionNode = FALSE
	EndGlobalSection
	GlobalSection(ExtensibilityGlobals) = postSolution
		SolutionGuid = {372948E4-9CA7-4FB5-81BB-6006EEACC0C7}
	EndGlobalSection
EndGlobal
